
Microsoft Visual Studio Solution File, Format Version 12.00
# Visual Studio Version 16
VisualStudioVersion = 16.0.30804.86
MinimumVisualStudioVersion = 10.0.40219.1
Project("{8BC9CEB8-8B4A-11D0-8D11-00A0C91BC942}") = "AISD Projekt 3", "AISD Projekt 3\AISD Projekt 3.vcxproj", "{DED1D0C4-CFAD-4C54-87E5-1503D21C2DB5}"
EndProject
Global
	GlobalSection(SolutionConfigurationPlatforms) = preSolution
		Debug|x64 = Debug|x64
		Debug|x86 = Debug|x86
		Release|x64 = Release|x64
		Release|x86 = Release|x86
	EndGlobalSection
	GlobalSection(ProjectConfigurationPlatforms) = postSolution
		{DED1D0C4-CFAD-4C54-87E5-1503D21C2DB5}.Debug|x64.ActiveCfg = Debug|x64
		{DED1D0C4-CFAD-4C54-87E5-1503D21C2DB5}.Debug|x64.Build.0 = Debug|x64
		{DED1D0C4-CFAD-4C54-87E5-1503D21C2DB5}.Debug|x86.ActiveCfg = Debug|Win32
		{DED1D0C4-CFAD-4C54-87E5-1503D21C2DB5}.Debug|x86.Build.0 = Debug|Win32
		{DED1D0C4-CFAD-4C54-87E5-1503D21C2DB5}.Release|x64.ActiveCfg = Release|x64
		{DED1D0C4-CFAD-4C54-87E5-1503D21C2DB5}.Release|x64.Build.0 = Release|x64
		{DED1D0C4-CFAD-4C54-87E5-1503D21C2DB5}.Release|x86.ActiveCfg = Release|Win32
		{DED1D0C4-CFAD-4C54-87E5-1503D21C2DB5}.Release|x86.Build.0 = Release|Win32
	EndGlobalSection
	GlobalSection(SolutionProperties) = preSolution
		HideSolutionNode = FALSE
	EndGlobalSection
	GlobalSection(ExtensibilityGlobals) = postSolution
		SolutionGuid = {AB9EB16F-F6B5-450D-86A0-D2A836B05380}
	EndGlobalSection
EndGlobal
